// !$*UTF8*$!
{
	archiveVersion = 1;
	classes = {
	};
	objectVersion = 56;
	objects = {

/* Begin PBXBuildFile section */
		8B11BA2929BA21BF0095EBFE /* FirstProjectApp.swift in Sources */ = {isa = PBXBuildFile; fileRef = 8B11BA2829BA21BF0095EBFE /* FirstProjectApp.swift */; };
		8B11BA2B29BA21BF0095EBFE /* ContentView.swift in Sources */ = {isa = PBXBuildFile; fileRef = 8B11BA2A29BA21BF0095EBFE /* ContentView.swift */; };
		8B11BA2D29BA21C10095EBFE /* Assets.xcassets in Resources */ = {isa = PBXBuildFile; fileRef = 8B11BA2C29BA21C10095EBFE /* Assets.xcassets */; };
		8B11BA3029BA21C10095EBFE /* Preview Assets.xcassets in Resources */ = {isa = PBXBuildFile; fileRef = 8B11BA2F29BA21C10095EBFE /* Preview Assets.xcassets */; };
		8BDC786D29CB06F900752CE0 /* Library.swift in Sources */ = {isa = PBXBuildFile; fileRef = 8BDC786C29CB06F900752CE0 /* Library.swift */; };
		8BDC786F29CB087F00752CE0 /* ListenNow.swift in Sources */ = {isa = PBXBuildFile; fileRef = 8BDC786E29CB087F00752CE0 /* ListenNow.swift */; };
		8BDC787129CB096F00752CE0 /* Browse.swift in Sources */ = {isa = PBXBuildFile; fileRef = 8BDC787029CB096F00752CE0 /* Browse.swift */; };
		8BDC787329CB09CA00752CE0 /* Radio.swift in Sources */ = {isa = PBXBuildFile; fileRef = 8BDC787229CB09CA00752CE0 /* Radio.swift */; };
		8BDC787529CB09D900752CE0 /* Search.swift in Sources */ = {isa = PBXBuildFile; fileRef = 8BDC787429CB09D900752CE0 /* Search.swift */; };
		8BDC787929CB121100752CE0 /* Notifications.swift in Sources */ = {isa = PBXBuildFile; fileRef = 8BDC787829CB121100752CE0 /* Notifications.swift */; };
		8BDC787D29CB15CA00752CE0 /* Account.swift in Sources */ = {isa = PBXBuildFile; fileRef = 8BDC787C29CB15CA00752CE0 /* Account.swift */; };
/* End PBXBuildFile section */

/* Begin PBXFileReference section */
		8B11BA2529BA21BF0095EBFE /* FirstProject.app */ = {isa = PBXFileReference; explicitFileType = wrapper.application; includeInIndex = 0; path = FirstProject.app; sourceTree = BUILT_PRODUCTS_DIR; };
		8B11BA2829BA21BF0095EBFE /* FirstProjectApp.swift */ = {isa = PBXFileReference; lastKnownFileType = sourcecode.swift; path = FirstProjectApp.swift; sourceTree = "<group>"; };
		8B11BA2A29BA21BF0095EBFE /* ContentView.swift */ = {isa = PBXFileReference; lastKnownFileType = sourcecode.swift; path = ContentView.swift; sourceTree = "<group>"; };
		8B11BA2C29BA21C10095EBFE /* Assets.xcassets */ = {isa = PBXFileReference; lastKnownFileType = folder.assetcatalog; path = Assets.xcassets; sourceTree = "<group>"; };
		8B11BA2F29BA21C10095EBFE /* Preview Assets.xcassets */ = {isa = PBXFileReference; lastKnownFileType = folder.assetcatalog; path = "Preview Assets.xcassets"; sourceTree = "<group>"; };
		8BDC786C29CB06F900752CE0 /* Library.swift */ = {isa = PBXFileReference; lastKnownFileType = sourcecode.swift; path = Library.swift; sourceTree = "<group>"; };
		8BDC786E29CB087F00752CE0 /* ListenNow.swift */ = {isa = PBXFileReference; lastKnownFileType = sourcecode.swift; path = ListenNow.swift; sourceTree = "<group>"; };
		8BDC787029CB096F00752CE0 /* Browse.swift */ = {isa = PBXFileReference; lastKnownFileType = sourcecode.swift; path = Browse.swift; sourceTree = "<group>"; };
		8BDC787229CB09CA00752CE0 /* Radio.swift */ = {isa = PBXFileReference; lastKnownFileType = sourcecode.swift; path = Radio.swift; sourceTree = "<group>"; };
		8BDC787429CB09D900752CE0 /* Search.swift */ = {isa = PBXFileReference; lastKnownFileType = sourcecode.swift; path = Search.swift; sourceTree = "<group>"; };
		8BDC787829CB121100752CE0 /* Notifications.swift */ = {isa = PBXFileReference; lastKnownFileType = sourcecode.swift; path = Notifications.swift; sourceTree = "<group>"; };
		8BDC787A29CB15A300752CE0 /* FirstProject */ = {isa = PBXFileReference; lastKnownFileType = folder; path = FirstProject; sourceTree = "<group>"; };
		8BDC787C29CB15CA00752CE0 /* Account.swift */ = {isa = PBXFileReference; fileEncoding = 4; lastKnownFileType = sourcecode.swift; path = Account.swift; sourceTree = "<group>"; };
/* End PBXFileReference section */

/* Begin PBXFrameworksBuildPhase section */
		8B11BA2229BA21BF0095EBFE /* Frameworks */ = {
			isa = PBXFrameworksBuildPhase;
			buildActionMask = 2147483647;
			files = (
			);
			runOnlyForDeploymentPostprocessing = 0;
		};
/* End PBXFrameworksBuildPhase section */

/* Begin PBXGroup section */
		8B11BA1C29BA21BF0095EBFE = {
			isa = PBXGroup;
			children = (
				8B11BA2729BA21BF0095EBFE /* FirstProject */,
				8BDC787A29CB15A300752CE0 /* FirstProject */,
				8B11BA2629BA21BF0095EBFE /* Products */,
			);
			sourceTree = "<group>";
		};
		8B11BA2629BA21BF0095EBFE /* Products */ = {
			isa = PBXGroup;
			children = (
				8B11BA2529BA21BF0095EBFE /* FirstProject.app */,
			);
			name = Products;
			sourceTree = "<group>";
		};
		8B11BA2729BA21BF0095EBFE /* FirstProject */ = {
			isa = PBXGroup;
			children = (
				8B11BA2829BA21BF0095EBFE /* FirstProjectApp.swift */,
				8B11BA2A29BA21BF0095EBFE /* ContentView.swift */,
				8BDC787429CB09D900752CE0 /* Search.swift */,
				8BDC787229CB09CA00752CE0 /* Radio.swift */,
				8BDC787029CB096F00752CE0 /* Browse.swift */,
				8BDC786E29CB087F00752CE0 /* ListenNow.swift */,
				8BDC787C29CB15CA00752CE0 /* Account.swift */,
				8BDC787829CB121100752CE0 /* Notifications.swift */,
				8BDC786C29CB06F900752CE0 /* Library.swift */,
				8B11BA2C29BA21C10095EBFE /* Assets.xcassets */,
				8B11BA2E29BA21C10095EBFE /* Preview Content */,
			);
			path = FirstProject;
			sourceTree = "<group>";
		};
		8B11BA2E29BA21C10095EBFE /* Preview Content */ = {
			isa = PBXGroup;
			children = (
				8B11BA2F29BA21C10095EBFE /* Preview Assets.xcassets */,
			);
			path = "Preview Content";
			sourceTree = "<group>";
		};
/* End PBXGroup section */

/* Begin PBXNativeTarget section */
		8B11BA2429BA21BF0095EBFE /* FirstProject */ = {
			isa = PBXNativeTarget;
			buildConfigurationList = 8B11BA3329BA21C10095EBFE /* Build configuration list for PBXNativeTarget "FirstProject" */;
			buildPhases = (
				8B11BA2129BA21BF0095EBFE /* Sources */,
				8B11BA2229BA21BF0095EBFE /* Frameworks */,
				8B11BA2329BA21BF0095EBFE /* Resources */,
			);
			buildRules = (
			);
			dependencies = (
			);
			name = FirstProject;
			productName = FirstProject;
			productReference = 8B11BA2529BA21BF0095EBFE /* FirstProject.app */;
			productType = "com.apple.product-type.application";
		};
/* End PBXNativeTarget section */

/* Begin PBXProject section */
		8B11BA1D29BA21BF0095EBFE /* Project object */ = {
			isa = PBXProject;
			attributes = {
				BuildIndependentTargetsInParallel = 1;
				LastSwiftUpdateCheck = 1420;
				LastUpgradeCheck = 1420;
				TargetAttributes = {
					8B11BA2429BA21BF0095EBFE = {
						CreatedOnToolsVersion = 14.2;
					};
				};
			};
			buildConfigurationList = 8B11BA2029BA21BF0095EBFE /* Build configuration list for PBXProject "FirstProject" */;
			compatibilityVersion = "Xcode 14.0";
			developmentRegion = en;
			hasScannedForEncodings = 0;
			knownRegions = (
				en,
				Base,
			);
			mainGroup = 8B11BA1C29BA21BF0095EBFE;
			productRefGroup = 8B11BA2629BA21BF0095EBFE /* Products */;
			projectDirPath = "";
			projectRoot = "";
			targets = (
				8B11BA2429BA21BF0095EBFE /* FirstProject */,
			);
		};
/* End PBXProject section */

/* Begin PBXResourcesBuildPhase section */
		8B11BA2329BA21BF0095EBFE /* Resources */ = {
			isa = PBXResourcesBuildPhase;
			buildActionMask = 2147483647;
			files = (
				8B11BA3029BA21C10095EBFE /* Preview Assets.xcassets in Resources */,
				8B11BA2D29BA21C10095EBFE /* Assets.xcassets in Resources */,
			);
			runOnlyForDeploymentPostprocessing = 0;
		};
/* End PBXResourcesBuildPhase section */

/* Begin PBXSourcesBuildPhase section */
		8B11BA2129BA21BF0095EBFE /* Sources */ = {
			isa = PBXSourcesBuildPhase;
			buildActionMask = 2147483647;
			files = (
				8B11BA2B29BA21BF0095EBFE /* ContentView.swift in Sources */,
				8BDC786F29CB087F00752CE0 /* ListenNow.swift in Sources */,
				8BDC787929CB121100752CE0 /* Notifications.swift in Sources */,
				8B11BA2929BA21BF0095EBFE /* FirstProjectApp.swift in Sources */,
				8BDC787D29CB15CA00752CE0 /* Account.swift in Sources */,
				8BDC787129CB096F00752CE0 /* Browse.swift in Sources */,
				8BDC786D29CB06F900752CE0 /* Library.swift in Sources */,
				8BDC787329CB09CA00752CE0 /* Radio.swift in Sources */,
				8BDC787529CB09D900752CE0 /* Search.swift in Sources */,
			);
			runOnlyForDeploymentPostprocessing = 0;
		};
/* End PBXSourcesBuildPhase section */

/* Begin XCBuildConfiguration section */
		8B11BA3129BA21C10095EBFE /* Debug */ = {
			isa = XCBuildConfiguration;
			buildSettings = {
				ALWAYS_SEARCH_USER_PATHS = NO;
				CLANG_ANALYZER_NONNULL = YES;
				CLANG_ANALYZER_NUMBER_OBJECT_CONVERSION = YES_AGGRESSIVE;
				CLANG_CXX_LANGUAGE_STANDARD = "gnu++20";
				CLANG_ENABLE_MODULES = YES;
				CLANG_ENABLE_OBJC_ARC = YES;
				CLANG_ENABLE_OBJC_WEAK = YES;
				CLANG_WARN_BLOCK_CAPTURE_AUTORELEASING = YES;
				CLANG_WARN_BOOL_CONVERSION = YES;
				CLANG_WARN_COMMA = YES;
				CLANG_WARN_CONSTANT_CONVERSION = YES;
				CLANG_WARN_DEPRECATED_OBJC_IMPLEMENTATIONS = YES;
				CLANG_WARN_DIRECT_OBJC_ISA_USAGE = YES_ERROR;
				CLANG_WARN_DOCUMENTATION_COMMENTS = YES;
				CLANG_WARN_EMPTY_BODY = YES;
				CLANG_WARN_ENUM_CONVERSION = YES;
				CLANG_WARN_INFINITE_RECURSION = YES;
				CLANG_WARN_INT_CONVERSION = YES;
				CLANG_WARN_NON_LITERAL_NULL_CONVERSION = YES;
				CLANG_WARN_OBJC_IMPLICIT_RETAIN_SELF = YES;
				CLANG_WARN_OBJC_LITERAL_CONVERSION = YES;
				CLANG_WARN_OBJC_ROOT_CLASS = YES_ERROR;
				CLANG_WARN_QUOTED_INCLUDE_IN_FRAMEWORK_HEADER = YES;
				CLANG_WARN_RANGE_LOOP_ANALYSIS = YES;
				CLANG_WARN_STRICT_PROTOTYPES = YES;
				CLANG_WARN_SUSPICIOUS_MOVE = YES;
				CLANG_WARN_UNGUARDED_AVAILABILITY = YES_AGGRESSIVE;
				CLANG_WARN_UNREACHABLE_CODE = YES;
				CLANG_WARN__DUPLICATE_METHOD_MATCH = YES;
				COPY_PHASE_STRIP = NO;
				DEBUG_INFORMATION_FORMAT = dwarf;
				ENABLE_STRICT_OBJC_MSGSEND = YES;
				ENABLE_TESTABILITY = YES;
				GCC_C_LANGUAGE_STANDARD = gnu11;
				GCC_DYNAMIC_NO_PIC = NO;
				GCC_NO_COMMON_BLOCKS = YES;
				GCC_OPTIMIZATION_LEVEL = 0;
				GCC_PREPROCESSOR_DEFINITIONS = (
					"DEBUG=1",
					"$(inherited)",
				);
				GCC_WARN_64_TO_32_BIT_CONVERSION = YES;
				GCC_WARN_ABOUT_RETURN_TYPE = YES_ERROR;
				GCC_WARN_UNDECLARED_SELECTOR = YES;
				GCC_WARN_UNINITIALIZED_AUTOS = YES_AGGRESSIVE;
				GCC_WARN_UNUSED_FUNCTION = YES;
				GCC_WARN_UNUSED_VARIABLE = YES;
				IPHONEOS_DEPLOYMENT_TARGET = 16.2;
				MTL_ENABLE_DEBUG_INFO = INCLUDE_SOURCE;
				MTL_FAST_MATH = YES;
				ONLY_ACTIVE_ARCH = YES;
				SDKROOT = iphoneos;
				SWIFT_ACTIVE_COMPILATION_CONDITIONS = DEBUG;
				SWIFT_OPTIMIZATION_LEVEL = "-Onone";
			};
			name = Debug;
		};
		8B11BA3229BA21C10095EBFE /* Release */ = {
			isa = XCBuildConfiguration;
			buildSettings = {
				ALWAYS_SEARCH_USER_PATHS = NO;
				CLANG_ANALYZER_NONNULL = YES;
				CLANG_ANALYZER_NUMBER_OBJECT_CONVERSION = YES_AGGRESSIVE;
				CLANG_CXX_LANGUAGE_STANDARD = "gnu++20";
				CLANG_ENABLE_MODULES = YES;
				CLANG_ENABLE_OBJC_ARC = YES;
				CLANG_ENABLE_OBJC_WEAK = YES;
				CLANG_WARN_BLOCK_CAPTURE_AUTORELEASING = YES;
				CLANG_WARN_BOOL_CONVERSION = YES;
				CLANG_WARN_COMMA = YES;
				CLANG_WARN_CONSTANT_CONVERSION = YES;
				CLANG_WARN_DEPRECATED_OBJC_IMPLEMENTATIONS = YES;
				CLANG_WARN_DIRECT_OBJC_ISA_USAGE = YES_ERROR;
				CLANG_WARN_DOCUMENTATION_COMMENTS = YES;
				CLANG_WARN_EMPTY_BODY = YES;
				CLANG_WARN_ENUM_CONVERSION = YES;
				CLANG_WARN_INFINITE_RECURSION = YES;
				CLANG_WARN_INT_CONVERSION = YES;
				CLANG_WARN_NON_LITERAL_NULL_CONVERSION = YES;
				CLANG_WARN_OBJC_IMPLICIT_RETAIN_SELF = YES;
				CLANG_WARN_OBJC_LITERAL_CONVERSION = YES;
				CLANG_WARN_OBJC_ROOT_CLASS = YES_ERROR;
				CLANG_WARN_QUOTED_INCLUDE_IN_FRAMEWORK_HEADER = YES;
				CLANG_WARN_RANGE_LOOP_ANALYSIS = YES;
				CLANG_WARN_STRICT_PROTOTYPES = YES;
				CLANG_WARN_SUSPICIOUS_MOVE = YES;
				CLANG_WARN_UNGUARDED_AVAILABILITY = YES_AGGRESSIVE;
				CLANG_WARN_UNREACHABLE_CODE = YES;
				CLANG_WARN__DUPLICATE_METHOD_MATCH = YES;
				COPY_PHASE_STRIP = NO;
				DEBUG_INFORMATION_FORMAT = "dwarf-with-dsym";
				ENABLE_NS_ASSERTIONS = NO;
				ENABLE_STRICT_OBJC_MSGSEND = YES;
				GCC_C_LANGUAGE_STANDARD = gnu11;
				GCC_NO_COMMON_BLOCKS = YES;
				GCC_WARN_64_TO_32_BIT_CONVERSION = YES;
				GCC_WARN_ABOUT_RETURN_TYPE = YES_ERROR;
				GCC_WARN_UNDECLARED_SELECTOR = YES;
				GCC_WARN_UNINITIALIZED_AUTOS = YES_AGGRESSIVE;
				GCC_WARN_UNUSED_FUNCTION = YES;
				GCC_WARN_UNUSED_VARIABLE = YES;
				IPHONEOS_DEPLOYMENT_TARGET = 16.2;
				MTL_ENABLE_DEBUG_INFO = NO;
				MTL_FAST_MATH = YES;
				SDKROOT = iphoneos;
				SWIFT_COMPILATION_MODE = wholemodule;
				SWIFT_OPTIMIZATION_LEVEL = "-O";
				VALIDATE_PRODUCT = YES;
			};
			name = Release;
		};
		8B11BA3429BA21C10095EBFE /* Debug */ = {
			isa = XCBuildConfiguration;
			buildSettings = {
				ASSETCATALOG_COMPILER_APPICON_NAME = AppIcon;
				ASSETCATALOG_COMPILER_GLOBAL_ACCENT_COLOR_NAME = AccentColor;
				CODE_SIGN_STYLE = Automatic;
				CURRENT_PROJECT_VERSION = 1;
				DEVELOPMENT_ASSET_PATHS = "\"FirstProject/Preview Content\"";
				DEVELOPMENT_TEAM = BDM6WR77U2;
				ENABLE_PREVIEWS = YES;
				GENERATE_INFOPLIST_FILE = YES;
				INFOPLIST_KEY_UIApplicationSceneManifest_Generation = YES;
				INFOPLIST_KEY_UIApplicationSupportsIndirectInputEvents = YES;
				INFOPLIST_KEY_UILaunchScreen_Generation = YES;
				INFOPLIST_KEY_UISupportedInterfaceOrientations_iPad = "UIInterfaceOrientationPortrait UIInterfaceOrientationPortraitUpsideDown UIInterfaceOrientationLandscapeLeft UIInterfaceOrientationLandscapeRight";
				INFOPLIST_KEY_UISupportedInterfaceOrientations_iPhone = "UIInterfaceOrientationPortrait UIInterfaceOrientationLandscapeLeft UIInterfaceOrientationLandscapeRight";
				LD_RUNPATH_SEARCH_PATHS = (
					"$(inherited)",
					"@executable_path/Frameworks",
				);
				MARKETING_VERSION = 1.0;
				PRODUCT_BUNDLE_IDENTIFIER = cn.edu.cn.3200300162.FirstProject;
				PRODUCT_NAME = "$(TARGET_NAME)";
				SWIFT_EMIT_LOC_STRINGS = YES;
				SWIFT_VERSION = 5.0;
				TARGETED_DEVICE_FAMILY = "1,2";
			};
			name = Debug;
		};
		8B11BA3529BA21C10095EBFE /* Release */ = {
			isa = XCBuildConfiguration;
			buildSettings = {
				ASSETCATALOG_COMPILER_APPICON_NAME = AppIcon;
				ASSETCATALOG_COMPILER_GLOBAL_ACCENT_COLOR_NAME = AccentColor;
				CODE_SIGN_STYLE = Automatic;
				CURRENT_PROJECT_VERSION = 1;
				DEVELOPMENT_ASSET_PATHS = "\"FirstProject/Preview Content\"";
				DEVELOPMENT_TEAM = BDM6WR77U2;
				ENABLE_PREVIEWS = YES;
				GENERATE_INFOPLIST_FILE = YES;
				INFOPLIST_KEY_UIApplicationSceneManifest_Generation = YES;
				INFOPLIST_KEY_UIApplicationSupportsIndirectInputEvents = YES;
				INFOPLIST_KEY_UILaunchScreen_Generation = YES;
				INFOPLIST_KEY_UISupportedInterfaceOrientations_iPad = "UIInterfaceOrientationPortrait UIInterfaceOrientationPortraitUpsideDown UIInterfaceOrientationLandscapeLeft UIInterfaceOrientationLandscapeRight";
				INFOPLIST_KEY_UISupportedInterfaceOrientations_iPhone = "UIInterfaceOrientationPortrait UIInterfaceOrientationLandscapeLeft UIInterfaceOrientationLandscapeRight";
				LD_RUNPATH_SEARCH_PATHS = (
					"$(inherited)",
					"@executable_path/Frameworks",
				);
				MARKETING_VERSION = 1.0;
				PRODUCT_BUNDLE_IDENTIFIER = cn.edu.cn.3200300162.FirstProject;
				PRODUCT_NAME = "$(TARGET_NAME)";
				SWIFT_EMIT_LOC_STRINGS = YES;
				SWIFT_VERSION = 5.0;
				TARGETED_DEVICE_FAMILY = "1,2";
			};
			name = Release;
		};
/* End XCBuildConfiguration section */

/* Begin XCConfigurationList section */
		8B11BA2029BA21BF0095EBFE /* Build configuration list for PBXProject "FirstProject" */ = {
			isa = XCConfigurationList;
			buildConfigurations = (
				8B11BA3129BA21C10095EBFE /* Debug */,
				8B11BA3229BA21C10095EBFE /* Release */,
			);
			defaultConfigurationIsVisible = 0;
			defaultConfigurationName = Release;
		};
		8B11BA3329BA21C10095EBFE /* Build configuration list for PBXNativeTarget "FirstProject" */ = {
			isa = XCConfigurationList;
			buildConfigurations = (
				8B11BA3429BA21C10095EBFE /* Debug */,
				8B11BA3529BA21C10095EBFE /* Release */,
			);
			defaultConfigurationIsVisible = 0;
			defaultConfigurationName = Release;
		};
/* End XCConfigurationList section */
	};
	rootObject = 8B11BA1D29BA21BF0095EBFE /* Project object */;
}
